# THIS IS AN AUTOGENERATED FILE. DO NOT EDIT THIS FILE DIRECTLY.
# yarn lockfile v1


augmentor@2.2.0:
  version "2.2.0"
  resolved "https://registry.yarnpkg.com/augmentor/-/augmentor-2.2.0.tgz#e639e0696d88a74caed840b5ee08671bab225a27"
  integrity sha512-BEQAG1w74b794ec4FpWpu9AZZUZngKy5zGgb8OIhU2hcVhm8F5Y/VS0/3EAA+ExgtJDCTR+L2rvnjtIt2oo1xQ==
  dependencies:
    reraf "^1.1.1"
    umap "^1.0.2"

hookme@../hookme-1.0.0-rc-2.tgz:
  version "1.0.0-rc-2"
  resolved "../hookme-1.0.0-rc-2.tgz#bc874aa87d38f0115bcf21bf9ee11f9aeec86ddb"
  dependencies:
    immer "^7.0.4"

immer@^7.0.4:
  version "7.0.7"
  resolved "https://registry.yarnpkg.com/immer/-/immer-7.0.7.tgz#9dfe713d49bf871cc59aedfce59b1992fa37a977"
  integrity sha512-Q8yYwVADJXrNfp1ZUAh4XDHkcoE3wpdpb4mC5abDSajs2EbW8+cGdPyAnglMyLnm7EF6ojD2xBFX7L5i4TIytw==

reraf@^1.1.1:
  version "1.1.1"
  resolved "https://registry.yarnpkg.com/reraf/-/reraf-1.1.1.tgz#c75584660edd9b6ee3c31eeb694d938f529b7042"
  integrity sha512-uwOsqdTxJAQCxqvJF4Kiz4orwO9B8OBJkGeW7/NWNirapPutgig/3xU3emruvfwUbb+t51V0zHtNw6d83RDlJQ==

umap@^1.0.2:
  version "1.0.2"
  resolved "https://registry.yarnpkg.com/umap/-/umap-1.0.2.tgz#2d7d4b145ad8c9f957921460798f3e221347c981"
  integrity sha512-bW127HgG4H4VAD6qlqO5vCC+7bnlYvZ6A6BdwyGblkWvlEG7VYpj1bcpf3iJpvyKmkPZWDIeZDmoULz67ec7NA==
